// !$*UTF8*$!
{
	archiveVersion = 1;
	classes = {
	};
	objectVersion = 77;
	objects = {

/* Begin PBXContainerItemProxy section */
		B8E1122F2CE4F1E100DA7BF6 /* PBXContainerItemProxy */ = {
			isa = PBXContainerItemProxy;
			containerPortal = B8E112102CE4F1E000DA7BF6 /* Project object */;
			proxyType = 1;
			remoteGlobalIDString = B8E112172CE4F1E000DA7BF6;
			remoteInfo = Togethery;
		};
		B8E112392CE4F1E100DA7BF6 /* PBXContainerItemProxy */ = {
			isa = PBXContainerItemProxy;
			containerPortal = B8E112102CE4F1E000DA7BF6 /* Project object */;
			proxyType = 1;
			remoteGlobalIDString = B8E112172CE4F1E000DA7BF6;
			remoteInfo = Togethery;
		};
/* End PBXContainerItemProxy section */

/* Begin PBXFileReference section */
		B8E112182CE4F1E000DA7BF6 /* Togethery.app */ = {isa = PBXFileReference; explicitFileType = wrapper.application; includeInIndex = 0; path = Togethery.app; sourceTree = BUILT_PRODUCTS_DIR; };
		B8E1122E2CE4F1E100DA7BF6 /* TogetheryTests.xctest */ = {isa = PBXFileReference; explicitFileType = wrapper.cfbundle; includeInIndex = 0; path = TogetheryTests.xctest; sourceTree = BUILT_PRODUCTS_DIR; };
		B8E112382CE4F1E100DA7BF6 /* TogetheryUITests.xctest */ = {isa = PBXFileReference; explicitFileType = wrapper.cfbundle; includeInIndex = 0; path = TogetheryUITests.xctest; sourceTree = BUILT_PRODUCTS_DIR; };
/* End PBXFileReference section */

/* Begin PBXFileSystemSynchronizedBuildFileExceptionSet section */
		B8E112402CE4F1E100DA7BF6 /* Exceptions for "Togethery" folder in "Togethery" target */ = {
			isa = PBXFileSystemSynchronizedBuildFileExceptionSet;
			membershipExceptions = (
				Info.plist,
			);
			target = B8E112172CE4F1E000DA7BF6 /* Togethery */;
		};
/* End PBXFileSystemSynchronizedBuildFileExceptionSet section */

/* Begin PBXFileSystemSynchronizedRootGroup section */
		B8E1121A2CE4F1E000DA7BF6 /* Togethery */ = {
			isa = PBXFileSystemSynchronizedRootGroup;
			exceptions = (
				B8E112402CE4F1E100DA7BF6 /* Exceptions for "Togethery" folder in "Togethery" target */,
			);
			path = Togethery;
			sourceTree = "<group>";
		};
		B8E112312CE4F1E100DA7BF6 /* TogetheryTests */ = {
			isa = PBXFileSystemSynchronizedRootGroup;
			path = TogetheryTests;
			sourceTree = "<group>";
		};
		B8E1123B2CE4F1E100DA7BF6 /* TogetheryUITests */ = {
			isa = PBXFileSystemSynchronizedRootGroup;
			path = TogetheryUITests;
			sourceTree = "<group>";
		};
/* End PBXFileSystemSynchronizedRootGroup section */

/* Begin PBXFrameworksBuildPhase section */
		B8E112152CE4F1E000DA7BF6 /* Frameworks */ = {
			isa = PBXFrameworksBuildPhase;
			buildActionMask = 2147483647;
			files = (
			);
			runOnlyForDeploymentPostprocessing = 0;
		};
		B8E1122B2CE4F1E100DA7BF6 /* Frameworks */ = {
			isa = PBXFrameworksBuildPhase;
			buildActionMask = 2147483647;
			files = (
			);
			runOnlyForDeploymentPostprocessing = 0;
		};
		B8E112352CE4F1E100DA7BF6 /* Frameworks */ = {
			isa = PBXFrameworksBuildPhase;
			buildActionMask = 2147483647;
			files = (
			);
			runOnlyForDeploymentPostprocessing = 0;
		};
/* End PBXFrameworksBuildPhase section */

/* Begin PBXGroup section */
		B8E1120F2CE4F1E000DA7BF6 = {
			isa = PBXGroup;
			children = (
				B8E1121A2CE4F1E000DA7BF6 /* Togethery */,
				B8E112312CE4F1E100DA7BF6 /* TogetheryTests */,
				B8E1123B2CE4F1E100DA7BF6 /* TogetheryUITests */,
				B8E112192CE4F1E000DA7BF6 /* Products */,
			);
			sourceTree = "<group>";
		};
		B8E112192CE4F1E000DA7BF6 /* Products */ = {
			isa = PBXGroup;
			children = (
				B8E112182CE4F1E000DA7BF6 /* Togethery.app */,
				B8E1122E2CE4F1E100DA7BF6 /* TogetheryTests.xctest */,
				B8E112382CE4F1E100DA7BF6 /* TogetheryUITests.xctest */,
			);
			name = Products;
			sourceTree = "<group>";
		};
/* End PBXGroup section */

/* Begin PBXNativeTarget section */
		B8E112172CE4F1E000DA7BF6 /* Togethery */ = {
			isa = PBXNativeTarget;
			buildConfigurationList = B8E112412CE4F1E100DA7BF6 /* Build configuration list for PBXNativeTarget "Togethery" */;
			buildPhases = (
				B8E112142CE4F1E000DA7BF6 /* Sources */,
				B8E112152CE4F1E000DA7BF6 /* Frameworks */,
				B8E112162CE4F1E000DA7BF6 /* Resources */,
			);
			buildRules = (
			);
			dependencies = (
			);
			fileSystemSynchronizedGroups = (
				B8E1121A2CE4F1E000DA7BF6 /* Togethery */,
			);
			name = Togethery;
			packageProductDependencies = (
			);
			productName = Togethery;
			productReference = B8E112182CE4F1E000DA7BF6 /* Togethery.app */;
			productType = "com.apple.product-type.application";
		};
		B8E1122D2CE4F1E100DA7BF6 /* TogetheryTests */ = {
			isa = PBXNativeTarget;
			buildConfigurationList = B8E112462CE4F1E100DA7BF6 /* Build configuration list for PBXNativeTarget "TogetheryTests" */;
			buildPhases = (
				B8E1122A2CE4F1E100DA7BF6 /* Sources */,
				B8E1122B2CE4F1E100DA7BF6 /* Frameworks */,
				B8E1122C2CE4F1E100DA7BF6 /* Resources */,
			);
			buildRules = (
			);
			dependencies = (
				B8E112302CE4F1E100DA7BF6 /* PBXTargetDependency */,
			);
			fileSystemSynchronizedGroups = (
				B8E112312CE4F1E100DA7BF6 /* TogetheryTests */,
			);
			name = TogetheryTests;
			packageProductDependencies = (
			);
			productName = TogetheryTests;
			productReference = B8E1122E2CE4F1E100DA7BF6 /* TogetheryTests.xctest */;
			productType = "com.apple.product-type.bundle.unit-test";
		};
		B8E112372CE4F1E100DA7BF6 /* TogetheryUITests */ = {
			isa = PBXNativeTarget;
			buildConfigurationList = B8E112492CE4F1E100DA7BF6 /* Build configuration list for PBXNativeTarget "TogetheryUITests" */;
			buildPhases = (
				B8E112342CE4F1E100DA7BF6 /* Sources */,
				B8E112352CE4F1E100DA7BF6 /* Frameworks */,
				B8E112362CE4F1E100DA7BF6 /* Resources */,
			);
			buildRules = (
			);
			dependencies = (
				B8E1123A2CE4F1E100DA7BF6 /* PBXTargetDependency */,
			);
			fileSystemSynchronizedGroups = (
				B8E1123B2CE4F1E100DA7BF6 /* TogetheryUITests */,
			);
			name = TogetheryUITests;
			packageProductDependencies = (
			);
			productName = TogetheryUITests;
			productReference = B8E112382CE4F1E100DA7BF6 /* TogetheryUITests.xctest */;
			productType = "com.apple.product-type.bundle.ui-testing";
		};
/* End PBXNativeTarget section */

/* Begin PBXProject section */
		B8E112102CE4F1E000DA7BF6 /* Project object */ = {
			isa = PBXProject;
			attributes = {
				BuildIndependentTargetsInParallel = 1;
				LastSwiftUpdateCheck = 1600;
				LastUpgradeCheck = 1600;
				TargetAttributes = {
					B8E112172CE4F1E000DA7BF6 = {
						CreatedOnToolsVersion = 16.0;
					};
					B8E1122D2CE4F1E100DA7BF6 = {
						CreatedOnToolsVersion = 16.0;
						TestTargetID = B8E112172CE4F1E000DA7BF6;
					};
					B8E112372CE4F1E100DA7BF6 = {
						CreatedOnToolsVersion = 16.0;
						TestTargetID = B8E112172CE4F1E000DA7BF6;
					};
				};
			};
			buildConfigurationList = B8E112132CE4F1E000DA7BF6 /* Build configuration list for PBXProject "Togethery" */;
			developmentRegion = en;
			hasScannedForEncodings = 0;
			knownRegions = (
				en,
				Base,
			);
			mainGroup = B8E1120F2CE4F1E000DA7BF6;
			minimizedProjectReferenceProxies = 1;
			preferredProjectObjectVersion = 77;
			productRefGroup = B8E112192CE4F1E000DA7BF6 /* Products */;
			projectDirPath = "";
			projectRoot = "";
			targets = (
				B8E112172CE4F1E000DA7BF6 /* Togethery */,
				B8E1122D2CE4F1E100DA7BF6 /* TogetheryTests */,
				B8E112372CE4F1E100DA7BF6 /* TogetheryUITests */,
			);
		};
/* End PBXProject section */

/* Begin PBXResourcesBuildPhase section */
		B8E112162CE4F1E000DA7BF6 /* Resources */ = {
			isa = PBXResourcesBuildPhase;
			buildActionMask = 2147483647;
			files = (
			);
			runOnlyForDeploymentPostprocessing = 0;
		};
		B8E1122C2CE4F1E100DA7BF6 /* Resources */ = {
			isa = PBXResourcesBuildPhase;
			buildActionMask = 2147483647;
			files = (
			);
			runOnlyForDeploymentPostprocessing = 0;
		};
		B8E112362CE4F1E100DA7BF6 /* Resources */ = {
			isa = PBXResourcesBuildPhase;
			buildActionMask = 2147483647;
			files = (
			);
			runOnlyForDeploymentPostprocessing = 0;
		};
/* End PBXResourcesBuildPhase section */

/* Begin PBXSourcesBuildPhase section */
		B8E112142CE4F1E000DA7BF6 /* Sources */ = {
			isa = PBXSourcesBuildPhase;
			buildActionMask = 2147483647;
			files = (
			);
			runOnlyForDeploymentPostprocessing = 0;
		};
		B8E1122A2CE4F1E100DA7BF6 /* Sources */ = {
			isa = PBXSourcesBuildPhase;
			buildActionMask = 2147483647;
			files = (
			);
			runOnlyForDeploymentPostprocessing = 0;
		};
		B8E112342CE4F1E100DA7BF6 /* Sources */ = {
			isa = PBXSourcesBuildPhase;
			buildActionMask = 2147483647;
			files = (
			);
			runOnlyForDeploymentPostprocessing = 0;
		};
/* End PBXSourcesBuildPhase section */

/* Begin PBXTargetDependency section */
		B8E112302CE4F1E100DA7BF6 /* PBXTargetDependency */ = {
			isa = PBXTargetDependency;
			target = B8E112172CE4F1E000DA7BF6 /* Togethery */;
			targetProxy = B8E1122F2CE4F1E100DA7BF6 /* PBXContainerItemProxy */;
		};
		B8E1123A2CE4F1E100DA7BF6 /* PBXTargetDependency */ = {
			isa = PBXTargetDependency;
			target = B8E112172CE4F1E000DA7BF6 /* Togethery */;
			targetProxy = B8E112392CE4F1E100DA7BF6 /* PBXContainerItemProxy */;
		};
/* End PBXTargetDependency section */

/* Begin XCBuildConfiguration section */
		B8E112422CE4F1E100DA7BF6 /* Debug */ = {
			isa = XCBuildConfiguration;
			buildSettings = {
				ASSETCATALOG_COMPILER_APPICON_NAME = AppIcon;
				ASSETCATALOG_COMPILER_GLOBAL_ACCENT_COLOR_NAME = AccentColor;
				CODE_SIGN_STYLE = Automatic;
				CURRENT_PROJECT_VERSION = 1;
				DEVELOPMENT_TEAM = 425GMT37VF;
				GENERATE_INFOPLIST_FILE = YES;
				INFOPLIST_FILE = Togethery/Info.plist;
				INFOPLIST_KEY_UIApplicationSupportsIndirectInputEvents = YES;
				INFOPLIST_KEY_UILaunchStoryboardName = LaunchScreen;
				INFOPLIST_KEY_UIMainStoryboardFile = Main;
				INFOPLIST_KEY_UISupportedInterfaceOrientations_iPad = "UIInterfaceOrientationPortrait UIInterfaceOrientationPortraitUpsideDown UIInterfaceOrientationLandscapeLeft UIInterfaceOrientationLandscapeRight";
				INFOPLIST_KEY_UISupportedInterfaceOrientations_iPhone = "UIInterfaceOrientationPortrait UIInterfaceOrientationLandscapeLeft UIInterfaceOrientationLandscapeRight";
				LD_RUNPATH_SEARCH_PATHS = (
					"$(inherited)",
					"@executable_path/Frameworks",
				);
				MARKETING_VERSION = 1.0;
				PRODUCT_BUNDLE_IDENTIFIER = com.bangyesoon.Togethery;
				PRODUCT_NAME = "$(TARGET_NAME)";
				SWIFT_EMIT_LOC_STRINGS = YES;
				SWIFT_VERSION = 5.0;
				TARGETED_DEVICE_FAMILY = "1,2";
			};
			name = Debug;
		};
		B8E112432CE4F1E100DA7BF6 /* Release */ = {
			isa = XCBuildConfiguration;
			buildSettings = {
				ASSETCATALOG_COMPILER_APPICON_NAME = AppIcon;
				ASSETCATALOG_COMPILER_GLOBAL_ACCENT_COLOR_NAME = AccentColor;
				CODE_SIGN_STYLE = Automatic;
				CURRENT_PROJECT_VERSION = 1;
				DEVELOPMENT_TEAM = 425GMT37VF;
				GENERATE_INFOPLIST_FILE = YES;
				INFOPLIST_FILE = Togethery/Info.plist;
				INFOPLIST_KEY_UIApplicationSupportsIndirectInputEvents = YES;
				INFOPLIST_KEY_UILaunchStoryboardName = LaunchScreen;
				INFOPLIST_KEY_UIMainStoryboardFile = Main;
				INFOPLIST_KEY_UISupportedInterfaceOrientations_iPad = "UIInterfaceOrientationPortrait UIInterfaceOrientationPortraitUpsideDown UIInterfaceOrientationLandscapeLeft UIInterfaceOrientationLandscapeRight";
				INFOPLIST_KEY_UISupportedInterfaceOrientations_iPhone = "UIInterfaceOrientationPortrait UIInterfaceOrientationLandscapeLeft UIInterfaceOrientationLandscapeRight";
				LD_RUNPATH_SEARCH_PATHS = (
					"$(inherited)",
					"@executable_path/Frameworks",
				);
				MARKETING_VERSION = 1.0;
				PRODUCT_BUNDLE_IDENTIFIER = com.bangyesoon.Togethery;
				PRODUCT_NAME = "$(TARGET_NAME)";
				SWIFT_EMIT_LOC_STRINGS = YES;
				SWIFT_VERSION = 5.0;
				TARGETED_DEVICE_FAMILY = "1,2";
			};
			name = Release;
		};
		B8E112442CE4F1E100DA7BF6 /* Debug */ = {
			isa = XCBuildConfiguration;
			buildSettings = {
				ALWAYS_SEARCH_USER_PATHS = NO;
				ASSETCATALOG_COMPILER_GENERATE_SWIFT_ASSET_SYMBOL_EXTENSIONS = YES;
				CLANG_ANALYZER_NONNULL = YES;
				CLANG_ANALYZER_NUMBER_OBJECT_CONVERSION = YES_AGGRESSIVE;
				CLANG_CXX_LANGUAGE_STANDARD = "gnu++20";
				CLANG_ENABLE_MODULES = YES;
				CLANG_ENABLE_OBJC_ARC = YES;
				CLANG_ENABLE_OBJC_WEAK = YES;
				CLANG_WARN_BLOCK_CAPTURE_AUTORELEASING = YES;
				CLANG_WARN_BOOL_CONVERSION = YES;
				CLANG_WARN_COMMA = YES;
				CLANG_WARN_CONSTANT_CONVERSION = YES;
				CLANG_WARN_DEPRECATED_OBJC_IMPLEMENTATIONS = YES;
				CLANG_WARN_DIRECT_OBJC_ISA_USAGE = YES_ERROR;
				CLANG_WARN_DOCUMENTATION_COMMENTS = YES;
				CLANG_WARN_EMPTY_BODY = YES;
				CLANG_WARN_ENUM_CONVERSION = YES;
				CLANG_WARN_INFINITE_RECURSION = YES;
				CLANG_WARN_INT_CONVERSION = YES;
				CLANG_WARN_NON_LITERAL_NULL_CONVERSION = YES;
				CLANG_WARN_OBJC_IMPLICIT_RETAIN_SELF = YES;
				CLANG_WARN_OBJC_LITERAL_CONVERSION = YES;
				CLANG_WARN_OBJC_ROOT_CLASS = YES_ERROR;
				CLANG_WARN_QUOTED_INCLUDE_IN_FRAMEWORK_HEADER = YES;
				CLANG_WARN_RANGE_LOOP_ANALYSIS = YES;
				CLANG_WARN_STRICT_PROTOTYPES = YES;
				CLANG_WARN_SUSPICIOUS_MOVE = YES;
				CLANG_WARN_UNGUARDED_AVAILABILITY = YES_AGGRESSIVE;
				CLANG_WARN_UNREACHABLE_CODE = YES;
				CLANG_WARN__DUPLICATE_METHOD_MATCH = YES;
				COPY_PHASE_STRIP = NO;
				DEBUG_INFORMATION_FORMAT = dwarf;
				ENABLE_STRICT_OBJC_MSGSEND = YES;
				ENABLE_TESTABILITY = YES;
				ENABLE_USER_SCRIPT_SANDBOXING = YES;
				GCC_C_LANGUAGE_STANDARD = gnu17;
				GCC_DYNAMIC_NO_PIC = NO;
				GCC_NO_COMMON_BLOCKS = YES;
				GCC_OPTIMIZATION_LEVEL = 0;
				GCC_PREPROCESSOR_DEFINITIONS = (
					"DEBUG=1",
					"$(inherited)",
				);
				GCC_WARN_64_TO_32_BIT_CONVERSION = YES;
				GCC_WARN_ABOUT_RETURN_TYPE = YES_ERROR;
				GCC_WARN_UNDECLARED_SELECTOR = YES;
				GCC_WARN_UNINITIALIZED_AUTOS = YES_AGGRESSIVE;
				GCC_WARN_UNUSED_FUNCTION = YES;
				GCC_WARN_UNUSED_VARIABLE = YES;
				IPHONEOS_DEPLOYMENT_TARGET = 18.0;
				LOCALIZATION_PREFERS_STRING_CATALOGS = YES;
				MTL_ENABLE_DEBUG_INFO = INCLUDE_SOURCE;
				MTL_FAST_MATH = YES;
				ONLY_ACTIVE_ARCH = YES;
				SDKROOT = iphoneos;
				SWIFT_ACTIVE_COMPILATION_CONDITIONS = "DEBUG $(inherited)";
				SWIFT_OPTIMIZATION_LEVEL = "-Onone";
			};
			name = Debug;
		};
		B8E112452CE4F1E100DA7BF6 /* Release */ = {
			isa = XCBuildConfiguration;
			buildSettings = {
				ALWAYS_SEARCH_USER_PATHS = NO;
				ASSETCATALOG_COMPILER_GENERATE_SWIFT_ASSET_SYMBOL_EXTENSIONS = YES;
				CLANG_ANALYZER_NONNULL = YES;
				CLANG_ANALYZER_NUMBER_OBJECT_CONVERSION = YES_AGGRESSIVE;
				CLANG_CXX_LANGUAGE_STANDARD = "gnu++20";
				CLANG_ENABLE_MODULES = YES;
				CLANG_ENABLE_OBJC_ARC = YES;
				CLANG_ENABLE_OBJC_WEAK = YES;
				CLANG_WARN_BLOCK_CAPTURE_AUTORELEASING = YES;
				CLANG_WARN_BOOL_CONVERSION = YES;
				CLANG_WARN_COMMA = YES;
				CLANG_WARN_CONSTANT_CONVERSION = YES;
				CLANG_WARN_DEPRECATED_OBJC_IMPLEMENTATIONS = YES;
				CLANG_WARN_DIRECT_OBJC_ISA_USAGE = YES_ERROR;
				CLANG_WARN_DOCUMENTATION_COMMENTS = YES;
				CLANG_WARN_EMPTY_BODY = YES;
				CLANG_WARN_ENUM_CONVERSION = YES;
				CLANG_WARN_INFINITE_RECURSION = YES;
				CLANG_WARN_INT_CONVERSION = YES;
				CLANG_WARN_NON_LITERAL_NULL_CONVERSION = YES;
				CLANG_WARN_OBJC_IMPLICIT_RETAIN_SELF = YES;
				CLANG_WARN_OBJC_LITERAL_CONVERSION = YES;
				CLANG_WARN_OBJC_ROOT_CLASS = YES_ERROR;
				CLANG_WARN_QUOTED_INCLUDE_IN_FRAMEWORK_HEADER = YES;
				CLANG_WARN_RANGE_LOOP_ANALYSIS = YES;
				CLANG_WARN_STRICT_PROTOTYPES = YES;
				CLANG_WARN_SUSPICIOUS_MOVE = YES;
				CLANG_WARN_UNGUARDED_AVAILABILITY = YES_AGGRESSIVE;
				CLANG_WARN_UNREACHABLE_CODE = YES;
				CLANG_WARN__DUPLICATE_METHOD_MATCH = YES;
				COPY_PHASE_STRIP = NO;
				DEBUG_INFORMATION_FORMAT = "dwarf-with-dsym";
				ENABLE_NS_ASSERTIONS = NO;
				ENABLE_STRICT_OBJC_MSGSEND = YES;
				ENABLE_USER_SCRIPT_SANDBOXING = YES;
				GCC_C_LANGUAGE_STANDARD = gnu17;
				GCC_NO_COMMON_BLOCKS = YES;
				GCC_WARN_64_TO_32_BIT_CONVERSION = YES;
				GCC_WARN_ABOUT_RETURN_TYPE = YES_ERROR;
				GCC_WARN_UNDECLARED_SELECTOR = YES;
				GCC_WARN_UNINITIALIZED_AUTOS = YES_AGGRESSIVE;
				GCC_WARN_UNUSED_FUNCTION = YES;
				GCC_WARN_UNUSED_VARIABLE = YES;
				IPHONEOS_DEPLOYMENT_TARGET = 18.0;
				LOCALIZATION_PREFERS_STRING_CATALOGS = YES;
				MTL_ENABLE_DEBUG_INFO = NO;
				MTL_FAST_MATH = YES;
				SDKROOT = iphoneos;
				SWIFT_COMPILATION_MODE = wholemodule;
				VALIDATE_PRODUCT = YES;
			};
			name = Release;
		};
		B8E112472CE4F1E100DA7BF6 /* Debug */ = {
			isa = XCBuildConfiguration;
			buildSettings = {
				BUNDLE_LOADER = "$(TEST_HOST)";
				CODE_SIGN_STYLE = Automatic;
				CURRENT_PROJECT_VERSION = 1;
				DEVELOPMENT_TEAM = 425GMT37VF;
				GENERATE_INFOPLIST_FILE = YES;
				IPHONEOS_DEPLOYMENT_TARGET = 18.0;
				MARKETING_VERSION = 1.0;
				PRODUCT_BUNDLE_IDENTIFIER = com.bangyesoon.TogetheryTests;
				PRODUCT_NAME = "$(TARGET_NAME)";
				SWIFT_EMIT_LOC_STRINGS = NO;
				SWIFT_VERSION = 5.0;
				TARGETED_DEVICE_FAMILY = "1,2";
				TEST_HOST = "$(BUILT_PRODUCTS_DIR)/Togethery.app/$(BUNDLE_EXECUTABLE_FOLDER_PATH)/Togethery";
			};
			name = Debug;
		};
		B8E112482CE4F1E100DA7BF6 /* Release */ = {
			isa = XCBuildConfiguration;
			buildSettings = {
				BUNDLE_LOADER = "$(TEST_HOST)";
				CODE_SIGN_STYLE = Automatic;
				CURRENT_PROJECT_VERSION = 1;
				DEVELOPMENT_TEAM = 425GMT37VF;
				GENERATE_INFOPLIST_FILE = YES;
				IPHONEOS_DEPLOYMENT_TARGET = 18.0;
				MARKETING_VERSION = 1.0;
				PRODUCT_BUNDLE_IDENTIFIER = com.bangyesoon.TogetheryTests;
				PRODUCT_NAME = "$(TARGET_NAME)";
				SWIFT_EMIT_LOC_STRINGS = NO;
				SWIFT_VERSION = 5.0;
				TARGETED_DEVICE_FAMILY = "1,2";
				TEST_HOST = "$(BUILT_PRODUCTS_DIR)/Togethery.app/$(BUNDLE_EXECUTABLE_FOLDER_PATH)/Togethery";
			};
			name = Release;
		};
		B8E1124A2CE4F1E100DA7BF6 /* Debug */ = {
			isa = XCBuildConfiguration;
			buildSettings = {
				CODE_SIGN_STYLE = Automatic;
				CURRENT_PROJECT_VERSION = 1;
				DEVELOPMENT_TEAM = 425GMT37VF;
				GENERATE_INFOPLIST_FILE = YES;
				MARKETING_VERSION = 1.0;
				PRODUCT_BUNDLE_IDENTIFIER = com.bangyesoon.TogetheryUITests;
				PRODUCT_NAME = "$(TARGET_NAME)";
				SWIFT_EMIT_LOC_STRINGS = NO;
				SWIFT_VERSION = 5.0;
				TARGETED_DEVICE_FAMILY = "1,2";
				TEST_TARGET_NAME = Togethery;
			};
			name = Debug;
		};
		B8E1124B2CE4F1E100DA7BF6 /* Release */ = {
			isa = XCBuildConfiguration;
			buildSettings = {
				CODE_SIGN_STYLE = Automatic;
				CURRENT_PROJECT_VERSION = 1;
				DEVELOPMENT_TEAM = 425GMT37VF;
				GENERATE_INFOPLIST_FILE = YES;
				MARKETING_VERSION = 1.0;
				PRODUCT_BUNDLE_IDENTIFIER = com.bangyesoon.TogetheryUITests;
				PRODUCT_NAME = "$(TARGET_NAME)";
				SWIFT_EMIT_LOC_STRINGS = NO;
				SWIFT_VERSION = 5.0;
				TARGETED_DEVICE_FAMILY = "1,2";
				TEST_TARGET_NAME = Togethery;
			};
			name = Release;
		};
/* End XCBuildConfiguration section */

/* Begin XCConfigurationList section */
		B8E112132CE4F1E000DA7BF6 /* Build configuration list for PBXProject "Togethery" */ = {
			isa = XCConfigurationList;
			buildConfigurations = (
				B8E112442CE4F1E100DA7BF6 /* Debug */,
				B8E112452CE4F1E100DA7BF6 /* Release */,
			);
			defaultConfigurationIsVisible = 0;
			defaultConfigurationName = Release;
		};
		B8E112412CE4F1E100DA7BF6 /* Build configuration list for PBXNativeTarget "Togethery" */ = {
			isa = XCConfigurationList;
			buildConfigurations = (
				B8E112422CE4F1E100DA7BF6 /* Debug */,
				B8E112432CE4F1E100DA7BF6 /* Release */,
			);
			defaultConfigurationIsVisible = 0;
			defaultConfigurationName = Release;
		};
		B8E112462CE4F1E100DA7BF6 /* Build configuration list for PBXNativeTarget "TogetheryTests" */ = {
			isa = XCConfigurationList;
			buildConfigurations = (
				B8E112472CE4F1E100DA7BF6 /* Debug */,
				B8E112482CE4F1E100DA7BF6 /* Release */,
			);
			defaultConfigurationIsVisible = 0;
			defaultConfigurationName = Release;
		};
		B8E112492CE4F1E100DA7BF6 /* Build configuration list for PBXNativeTarget "TogetheryUITests" */ = {
			isa = XCConfigurationList;
			buildConfigurations = (
				B8E1124A2CE4F1E100DA7BF6 /* Debug */,
				B8E1124B2CE4F1E100DA7BF6 /* Release */,
			);
			defaultConfigurationIsVisible = 0;
			defaultConfigurationName = Release;
		};
/* End XCConfigurationList section */
	};
	rootObject = B8E112102CE4F1E000DA7BF6 /* Project object */;
}
